
Microsoft Visual Studio Solution File, Format Version 12.00
# Visual Studio Version 16
VisualStudioVersion = 16.0.31624.102
MinimumVisualStudioVersion = 10.0.40219.1
Project("{FAE04EC0-301F-11D3-BF4B-00C04F79EFBC}") = "WindowsFormsApp9", "WindowsFormsApp9.csproj", "{B31A95BD-1157-4439-9A44-C6D4D13801EF}"
EndProject
Global
	GlobalSection(SolutionConfigurationPlatforms) = preSolution
		Debug|Any CPU = Debug|Any CPU
		Release|Any CPU = Release|Any CPU
	EndGlobalSection
	GlobalSection(ProjectConfigurationPlatforms) = postSolution
		{B31A95BD-1157-4439-9A44-C6D4D13801EF}.Debug|Any CPU.ActiveCfg = Debug|Any CPU
		{B31A95BD-1157-4439-9A44-C6D4D13801EF}.Debug|Any CPU.Build.0 = Debug|Any CPU
		{B31A95BD-1157-4439-9A44-C6D4D13801EF}.Release|Any CPU.ActiveCfg = Release|Any CPU
		{B31A95BD-1157-4439-9A44-C6D4D13801EF}.Release|Any CPU.Build.0 = Release|Any CPU
	EndGlobalSection
	GlobalSection(SolutionProperties) = preSolution
		HideSolutionNode = FALSE
	EndGlobalSection
	GlobalSection(ExtensibilityGlobals) = postSolution
		SolutionGuid = {796D6D6E-ECD0-4B2D-B256-2AC0DC5E178D}
	EndGlobalSection
EndGlobal
