
Microsoft Visual Studio Solution File, Format Version 12.00
# Visual Studio Version 16
VisualStudioVersion = 16.0.31624.102
MinimumVisualStudioVersion = 10.0.40219.1
Project("{FAE04EC0-301F-11D3-BF4B-00C04F79EFBC}") = "WindowsFormsApp3", "WindowsFormsApp3.csproj", "{ED2641E8-D650-4C34-8459-05D0E0F6CAC3}"
EndProject
Global
	GlobalSection(SolutionConfigurationPlatforms) = preSolution
		Debug|Any CPU = Debug|Any CPU
		Release|Any CPU = Release|Any CPU
	EndGlobalSection
	GlobalSection(ProjectConfigurationPlatforms) = postSolution
		{ED2641E8-D650-4C34-8459-05D0E0F6CAC3}.Debug|Any CPU.ActiveCfg = Debug|Any CPU
		{ED2641E8-D650-4C34-8459-05D0E0F6CAC3}.Debug|Any CPU.Build.0 = Debug|Any CPU
		{ED2641E8-D650-4C34-8459-05D0E0F6CAC3}.Release|Any CPU.ActiveCfg = Release|Any CPU
		{ED2641E8-D650-4C34-8459-05D0E0F6CAC3}.Release|Any CPU.Build.0 = Release|Any CPU
	EndGlobalSection
	GlobalSection(SolutionProperties) = preSolution
		HideSolutionNode = FALSE
	EndGlobalSection
	GlobalSection(ExtensibilityGlobals) = postSolution
		SolutionGuid = {F58778C8-AA52-48D8-A35E-AD4F26B19561}
	EndGlobalSection
EndGlobal
