
Microsoft Visual Studio Solution File, Format Version 12.00
# Visual Studio Version 16
VisualStudioVersion = 16.0.31624.102
MinimumVisualStudioVersion = 10.0.40219.1
Project("{FAE04EC0-301F-11D3-BF4B-00C04F79EFBC}") = "WindowsFormsApp7", "WindowsFormsApp7.csproj", "{4AD76E83-EEEC-462D-8104-7A2DD957A070}"
EndProject
Global
	GlobalSection(SolutionConfigurationPlatforms) = preSolution
		Debug|Any CPU = Debug|Any CPU
		Release|Any CPU = Release|Any CPU
	EndGlobalSection
	GlobalSection(ProjectConfigurationPlatforms) = postSolution
		{4AD76E83-EEEC-462D-8104-7A2DD957A070}.Debug|Any CPU.ActiveCfg = Debug|Any CPU
		{4AD76E83-EEEC-462D-8104-7A2DD957A070}.Debug|Any CPU.Build.0 = Debug|Any CPU
		{4AD76E83-EEEC-462D-8104-7A2DD957A070}.Release|Any CPU.ActiveCfg = Release|Any CPU
		{4AD76E83-EEEC-462D-8104-7A2DD957A070}.Release|Any CPU.Build.0 = Release|Any CPU
	EndGlobalSection
	GlobalSection(SolutionProperties) = preSolution
		HideSolutionNode = FALSE
	EndGlobalSection
	GlobalSection(ExtensibilityGlobals) = postSolution
		SolutionGuid = {EBF16974-B760-4E0F-A8B5-B385F5102CC3}
	EndGlobalSection
EndGlobal
